
Microsoft Visual Studio Solution File, Format Version 12.00
Project("{FAE04EC0-301F-11D3-BF4B-00C04F79EFBC}") = "ProjetSoloCsharp", "ProjetSoloCsharp\ProjetSoloCsharp.csproj", "{FFAF3CD9-48F6-4D60-A9D0-6CC387D6F61F}"
EndProject
Global
	GlobalSection(SolutionConfigurationPlatforms) = preSolution
		Debug|Any CPU = Debug|Any CPU
		Release|Any CPU = Release|Any CPU
	EndGlobalSection
	GlobalSection(ProjectConfigurationPlatforms) = postSolution
		{FFAF3CD9-48F6-4D60-A9D0-6CC387D6F61F}.Debug|Any CPU.ActiveCfg = Debug|Any CPU
		{FFAF3CD9-48F6-4D60-A9D0-6CC387D6F61F}.Debug|Any CPU.Build.0 = Debug|Any CPU
		{FFAF3CD9-48F6-4D60-A9D0-6CC387D6F61F}.Release|Any CPU.ActiveCfg = Release|Any CPU
		{FFAF3CD9-48F6-4D60-A9D0-6CC387D6F61F}.Release|Any CPU.Build.0 = Release|Any CPU
	EndGlobalSection
EndGlobal
